
Microsoft Visual Studio Solution File, Format Version 12.00
# Visual Studio Version 17
VisualStudioVersion = 17.9.34607.119
MinimumVisualStudioVersion = 10.0.40219.1
Project("{FAE04EC0-301F-11D3-BF4B-00C04F79EFBC}") = "day1", "day1.csproj", "{D309051F-468B-4EFC-A57C-31BA44431845}"
EndProject
Global
	GlobalSection(SolutionConfigurationPlatforms) = preSolution
		Debug|Any CPU = Debug|Any CPU
		Release|Any CPU = Release|Any CPU
	EndGlobalSection
	GlobalSection(ProjectConfigurationPlatforms) = postSolution
		{D309051F-468B-4EFC-A57C-31BA44431845}.Debug|Any CPU.ActiveCfg = Debug|Any CPU
		{D309051F-468B-4EFC-A57C-31BA44431845}.Debug|Any CPU.Build.0 = Debug|Any CPU
		{D309051F-468B-4EFC-A57C-31BA44431845}.Release|Any CPU.ActiveCfg = Release|Any CPU
		{D309051F-468B-4EFC-A57C-31BA44431845}.Release|Any CPU.Build.0 = Release|Any CPU
	EndGlobalSection
	GlobalSection(SolutionProperties) = preSolution
		HideSolutionNode = FALSE
	EndGlobalSection
	GlobalSection(ExtensibilityGlobals) = postSolution
		SolutionGuid = {A2D22D20-F8A8-4656-8670-AF5900F1857F}
	EndGlobalSection
EndGlobal
