
Microsoft Visual Studio Solution File, Format Version 12.00
# Visual Studio Version 17
VisualStudioVersion = 17.9.34607.119
MinimumVisualStudioVersion = 10.0.40219.1
Project("{FAE04EC0-301F-11D3-BF4B-00C04F79EFBC}") = "day6", "day6.csproj", "{2E77B8FF-A135-4BE1-BB74-7C7440B23AED}"
EndProject
Global
	GlobalSection(SolutionConfigurationPlatforms) = preSolution
		Debug|Any CPU = Debug|Any CPU
		Release|Any CPU = Release|Any CPU
	EndGlobalSection
	GlobalSection(ProjectConfigurationPlatforms) = postSolution
		{2E77B8FF-A135-4BE1-BB74-7C7440B23AED}.Debug|Any CPU.ActiveCfg = Debug|Any CPU
		{2E77B8FF-A135-4BE1-BB74-7C7440B23AED}.Debug|Any CPU.Build.0 = Debug|Any CPU
		{2E77B8FF-A135-4BE1-BB74-7C7440B23AED}.Release|Any CPU.ActiveCfg = Release|Any CPU
		{2E77B8FF-A135-4BE1-BB74-7C7440B23AED}.Release|Any CPU.Build.0 = Release|Any CPU
	EndGlobalSection
	GlobalSection(SolutionProperties) = preSolution
		HideSolutionNode = FALSE
	EndGlobalSection
	GlobalSection(ExtensibilityGlobals) = postSolution
		SolutionGuid = {009508B7-890C-4A10-AA7D-7881F8108150}
	EndGlobalSection
EndGlobal
